
Microsoft Visual Studio Solution File, Format Version 12.00
# Visual Studio Version 17
VisualStudioVersion = 17.8.34525.116
MinimumVisualStudioVersion = 10.0.40219.1
Project("{9A19103F-16F7-4668-BE54-9A1E7A4F7556}") = "MSDCollegePali", "MSDCollegePali\MSDCollegePali.csproj", "{386523D1-5F7A-41C9-9175-77266CBEF393}"
EndProject
Project("{9A19103F-16F7-4668-BE54-9A1E7A4F7556}") = "Application", "Application\Application.csproj", "{93A8005F-789E-47C7-BD2B-3C518E654EBE}"
EndProject
Project("{9A19103F-16F7-4668-BE54-9A1E7A4F7556}") = "Infrastructure", "Infrastructure\Infrastructure.csproj", "{9090CB34-627F-41D1-80F3-82FB17C41188}"
EndProject
Project("{FAE04EC0-301F-11D3-BF4B-00C04F79EFBC}") = "Model", "Model\Model.csproj", "{7FD72EE3-F1CA-4108-BF3A-A464A1B9476D}"
EndProject
Global
	GlobalSection(SolutionConfigurationPlatforms) = preSolution
		Debug|Any CPU = Debug|Any CPU
		Release|Any CPU = Release|Any CPU
	EndGlobalSection
	GlobalSection(ProjectConfigurationPlatforms) = postSolution
		{386523D1-5F7A-41C9-9175-77266CBEF393}.Debug|Any CPU.ActiveCfg = Debug|Any CPU
		{386523D1-5F7A-41C9-9175-77266CBEF393}.Debug|Any CPU.Build.0 = Debug|Any CPU
		{386523D1-5F7A-41C9-9175-77266CBEF393}.Release|Any CPU.ActiveCfg = Release|Any CPU
		{386523D1-5F7A-41C9-9175-77266CBEF393}.Release|Any CPU.Build.0 = Release|Any CPU
		{93A8005F-789E-47C7-BD2B-3C518E654EBE}.Debug|Any CPU.ActiveCfg = Debug|Any CPU
		{93A8005F-789E-47C7-BD2B-3C518E654EBE}.Debug|Any CPU.Build.0 = Debug|Any CPU
		{93A8005F-789E-47C7-BD2B-3C518E654EBE}.Release|Any CPU.ActiveCfg = Release|Any CPU
		{93A8005F-789E-47C7-BD2B-3C518E654EBE}.Release|Any CPU.Build.0 = Release|Any CPU
		{9090CB34-627F-41D1-80F3-82FB17C41188}.Debug|Any CPU.ActiveCfg = Debug|Any CPU
		{9090CB34-627F-41D1-80F3-82FB17C41188}.Debug|Any CPU.Build.0 = Debug|Any CPU
		{9090CB34-627F-41D1-80F3-82FB17C41188}.Release|Any CPU.ActiveCfg = Release|Any CPU
		{9090CB34-627F-41D1-80F3-82FB17C41188}.Release|Any CPU.Build.0 = Release|Any CPU
		{7FD72EE3-F1CA-4108-BF3A-A464A1B9476D}.Debug|Any CPU.ActiveCfg = Debug|Any CPU
		{7FD72EE3-F1CA-4108-BF3A-A464A1B9476D}.Debug|Any CPU.Build.0 = Debug|Any CPU
		{7FD72EE3-F1CA-4108-BF3A-A464A1B9476D}.Release|Any CPU.ActiveCfg = Release|Any CPU
		{7FD72EE3-F1CA-4108-BF3A-A464A1B9476D}.Release|Any CPU.Build.0 = Release|Any CPU
	EndGlobalSection
	GlobalSection(SolutionProperties) = preSolution
		HideSolutionNode = FALSE
	EndGlobalSection
	GlobalSection(ExtensibilityGlobals) = postSolution
		SolutionGuid = {260987DF-BC2A-4DB1-B324-E2803ED37C04}
	EndGlobalSection
EndGlobal
